// !$*UTF8*$!
{
	archiveVersion = 1;
	classes = {
	};
	objectVersion = 52;
	objects = {

/* Begin PBXBuildFile section */
		0E196C5F252392BA00A4BCBD /* PostViewModel.swift in Sources */ = {isa = PBXBuildFile; fileRef = 0E196C5E252392BA00A4BCBD /* PostViewModel.swift */; };
		0E196C642523931100A4BCBD /* PostModel.swift in Sources */ = {isa = PBXBuildFile; fileRef = 0E196C632523931100A4BCBD /* PostModel.swift */; };
		0E196C69252394D600A4BCBD /* FetchUser.swift in Sources */ = {isa = PBXBuildFile; fileRef = 0E196C68252394D600A4BCBD /* FetchUser.swift */; };
		0E196C6E252397C100A4BCBD /* PostRow.swift in Sources */ = {isa = PBXBuildFile; fileRef = 0E196C6D252397C100A4BCBD /* PostRow.swift */; };
		0E43B26A251E2F350057366C /* socialAppApp.swift in Sources */ = {isa = PBXBuildFile; fileRef = 0E43B269251E2F350057366C /* socialAppApp.swift */; };
		0E43B26C251E2F350057366C /* ContentView.swift in Sources */ = {isa = PBXBuildFile; fileRef = 0E43B26B251E2F350057366C /* ContentView.swift */; };
		0E43B26E251E2F350057366C /* Assets.xcassets in Resources */ = {isa = PBXBuildFile; fileRef = 0E43B26D251E2F350057366C /* Assets.xcassets */; };
		0E43B271251E2F350057366C /* Preview Assets.xcassets in Resources */ = {isa = PBXBuildFile; fileRef = 0E43B270251E2F350057366C /* Preview Assets.xcassets */; };
		0E43B27C251E2F360057366C /* socialAppTests.swift in Sources */ = {isa = PBXBuildFile; fileRef = 0E43B27B251E2F360057366C /* socialAppTests.swift */; };
		0E43B287251E2F360057366C /* socialAppUITests.swift in Sources */ = {isa = PBXBuildFile; fileRef = 0E43B286251E2F360057366C /* socialAppUITests.swift */; };
		0E43B29B251E398B0057366C /* GoogleService-Info.plist in Resources */ = {isa = PBXBuildFile; fileRef = 0E43B29A251E398B0057366C /* GoogleService-Info.plist */; };
		0E6111D125230F5F003B1412 /* SettingsViewModel.swift in Sources */ = {isa = PBXBuildFile; fileRef = 0E6111D025230F5F003B1412 /* SettingsViewModel.swift */; };
		0E6111D625230FC1003B1412 /* UserModel.swift in Sources */ = {isa = PBXBuildFile; fileRef = 0E6111D525230FC1003B1412 /* UserModel.swift */; };
		0E6111DB252337D3003B1412 /* AlertView.swift in Sources */ = {isa = PBXBuildFile; fileRef = 0E6111DA252337D3003B1412 /* AlertView.swift */; };
		0E9DF452251E3C6200B00FBF /* Login.swift in Sources */ = {isa = PBXBuildFile; fileRef = 0E9DF451251E3C6200B00FBF /* Login.swift */; };
		0E9DF45A251E3E7F00B00FBF /* LoginViewModel.swift in Sources */ = {isa = PBXBuildFile; fileRef = 0E9DF459251E3E7F00B00FBF /* LoginViewModel.swift */; };
		0E9DF490251F3A0700B00FBF /* Register.swift in Sources */ = {isa = PBXBuildFile; fileRef = 0E9DF48F251F3A0700B00FBF /* Register.swift */; };
		0E9DF4AC251F3F6D00B00FBF /* RegisterViewModel.swift in Sources */ = {isa = PBXBuildFile; fileRef = 0E9DF4AB251F3F6C00B00FBF /* RegisterViewModel.swift */; };
		0E9DF4B1251F42EA00B00FBF /* ImagePicker.swift in Sources */ = {isa = PBXBuildFile; fileRef = 0E9DF4B0251F42EA00B00FBF /* ImagePicker.swift */; };
		0E9DF4CD251F5F4C00B00FBF /* UploadImage.swift in Sources */ = {isa = PBXBuildFile; fileRef = 0E9DF4CC251F5F4C00B00FBF /* UploadImage.swift */; };
		0E9DF4D225208C9000B00FBF /* Home.swift in Sources */ = {isa = PBXBuildFile; fileRef = 0E9DF4D125208C9000B00FBF /* Home.swift */; };
		0EDE04882520D729007584AF /* SDWebImageSwiftUI in Frameworks */ = {isa = PBXBuildFile; productRef = 0EDE04872520D729007584AF /* SDWebImageSwiftUI */; };
		0EDE048D2520D7B0007584AF /* PostView.swift in Sources */ = {isa = PBXBuildFile; fileRef = 0EDE048C2520D7B0007584AF /* PostView.swift */; };
		0EDE04922520D7D1007584AF /* SettingsView.swift in Sources */ = {isa = PBXBuildFile; fileRef = 0EDE04912520D7D1007584AF /* SettingsView.swift */; };
		0EDE04972520D880007584AF /* CustomTabBar.swift in Sources */ = {isa = PBXBuildFile; fileRef = 0EDE04962520D880007584AF /* CustomTabBar.swift */; };
		528D46518EE028C22B44355D /* Pods_socialApp.framework in Frameworks */ = {isa = PBXBuildFile; fileRef = 6F7C0EA23C6556207C85C0B3 /* Pods_socialApp.framework */; };
		9643EB885675E65D3154F4AF /* Pods_socialAppTests.framework in Frameworks */ = {isa = PBXBuildFile; fileRef = 1AB387B140E3284B2F7EEE5B /* Pods_socialAppTests.framework */; };
		AD64F54CAD3F8CAD6A007AC3 /* Pods_socialApp_socialAppUITests.framework in Frameworks */ = {isa = PBXBuildFile; fileRef = 9D9C455438030FC875556950 /* Pods_socialApp_socialAppUITests.framework */; };
/* End PBXBuildFile section */

/* Begin PBXContainerItemProxy section */
		0E43B278251E2F360057366C /* PBXContainerItemProxy */ = {
			isa = PBXContainerItemProxy;
			containerPortal = 0E43B25E251E2F350057366C /* Project object */;
			proxyType = 1;
			remoteGlobalIDString = 0E43B265251E2F350057366C;
			remoteInfo = socialApp;
		};
		0E43B283251E2F360057366C /* PBXContainerItemProxy */ = {
			isa = PBXContainerItemProxy;
			containerPortal = 0E43B25E251E2F350057366C /* Project object */;
			proxyType = 1;
			remoteGlobalIDString = 0E43B265251E2F350057366C;
			remoteInfo = socialApp;
		};
/* End PBXContainerItemProxy section */

/* Begin PBXFileReference section */
		0AF55B735426B06D766EFF78 /* Pods-socialAppTests.release.xcconfig */ = {isa = PBXFileReference; includeInIndex = 1; lastKnownFileType = text.xcconfig; name = "Pods-socialAppTests.release.xcconfig"; path = "Target Support Files/Pods-socialAppTests/Pods-socialAppTests.release.xcconfig"; sourceTree = "<group>"; };
		0E196C5E252392BA00A4BCBD /* PostViewModel.swift */ = {isa = PBXFileReference; lastKnownFileType = sourcecode.swift; path = PostViewModel.swift; sourceTree = "<group>"; };
		0E196C632523931100A4BCBD /* PostModel.swift */ = {isa = PBXFileReference; lastKnownFileType = sourcecode.swift; path = PostModel.swift; sourceTree = "<group>"; };
		0E196C68252394D600A4BCBD /* FetchUser.swift */ = {isa = PBXFileReference; lastKnownFileType = sourcecode.swift; path = FetchUser.swift; sourceTree = "<group>"; };
		0E196C6D252397C100A4BCBD /* PostRow.swift */ = {isa = PBXFileReference; lastKnownFileType = sourcecode.swift; path = PostRow.swift; sourceTree = "<group>"; };
		0E43B266251E2F350057366C /* socialApp.app */ = {isa = PBXFileReference; explicitFileType = wrapper.application; includeInIndex = 0; path = socialApp.app; sourceTree = BUILT_PRODUCTS_DIR; };
		0E43B269251E2F350057366C /* socialAppApp.swift */ = {isa = PBXFileReference; lastKnownFileType = sourcecode.swift; path = socialAppApp.swift; sourceTree = "<group>"; };
		0E43B26B251E2F350057366C /* ContentView.swift */ = {isa = PBXFileReference; lastKnownFileType = sourcecode.swift; path = ContentView.swift; sourceTree = "<group>"; };
		0E43B26D251E2F350057366C /* Assets.xcassets */ = {isa = PBXFileReference; lastKnownFileType = folder.assetcatalog; path = Assets.xcassets; sourceTree = "<group>"; };
		0E43B270251E2F350057366C /* Preview Assets.xcassets */ = {isa = PBXFileReference; lastKnownFileType = folder.assetcatalog; path = "Preview Assets.xcassets"; sourceTree = "<group>"; };
		0E43B272251E2F350057366C /* Info.plist */ = {isa = PBXFileReference; lastKnownFileType = text.plist.xml; path = Info.plist; sourceTree = "<group>"; };
		0E43B277251E2F360057366C /* socialAppTests.xctest */ = {isa = PBXFileReference; explicitFileType = wrapper.cfbundle; includeInIndex = 0; path = socialAppTests.xctest; sourceTree = BUILT_PRODUCTS_DIR; };
		0E43B27B251E2F360057366C /* socialAppTests.swift */ = {isa = PBXFileReference; lastKnownFileType = sourcecode.swift; path = socialAppTests.swift; sourceTree = "<group>"; };
		0E43B27D251E2F360057366C /* Info.plist */ = {isa = PBXFileReference; lastKnownFileType = text.plist.xml; path = Info.plist; sourceTree = "<group>"; };
		0E43B282251E2F360057366C /* socialAppUITests.xctest */ = {isa = PBXFileReference; explicitFileType = wrapper.cfbundle; includeInIndex = 0; path = socialAppUITests.xctest; sourceTree = BUILT_PRODUCTS_DIR; };
		0E43B286251E2F360057366C /* socialAppUITests.swift */ = {isa = PBXFileReference; lastKnownFileType = sourcecode.swift; path = socialAppUITests.swift; sourceTree = "<group>"; };
		0E43B288251E2F360057366C /* Info.plist */ = {isa = PBXFileReference; lastKnownFileType = text.plist.xml; path = Info.plist; sourceTree = "<group>"; };
		0E43B29A251E398B0057366C /* GoogleService-Info.plist */ = {isa = PBXFileReference; fileEncoding = 4; lastKnownFileType = text.plist.xml; path = "GoogleService-Info.plist"; sourceTree = "<group>"; };
		0E6111D025230F5F003B1412 /* SettingsViewModel.swift */ = {isa = PBXFileReference; lastKnownFileType = sourcecode.swift; path = SettingsViewModel.swift; sourceTree = "<group>"; };
		0E6111D525230FC1003B1412 /* UserModel.swift */ = {isa = PBXFileReference; lastKnownFileType = sourcecode.swift; path = UserModel.swift; sourceTree = "<group>"; };
		0E6111DA252337D3003B1412 /* AlertView.swift */ = {isa = PBXFileReference; lastKnownFileType = sourcecode.swift; path = AlertView.swift; sourceTree = "<group>"; };
		0E9DF451251E3C6200B00FBF /* Login.swift */ = {isa = PBXFileReference; lastKnownFileType = sourcecode.swift; path = Login.swift; sourceTree = "<group>"; };
		0E9DF459251E3E7F00B00FBF /* LoginViewModel.swift */ = {isa = PBXFileReference; lastKnownFileType = sourcecode.swift; path = LoginViewModel.swift; sourceTree = "<group>"; };
		0E9DF48F251F3A0700B00FBF /* Register.swift */ = {isa = PBXFileReference; lastKnownFileType = sourcecode.swift; path = Register.swift; sourceTree = "<group>"; };
		0E9DF4AB251F3F6C00B00FBF /* RegisterViewModel.swift */ = {isa = PBXFileReference; lastKnownFileType = sourcecode.swift; path = RegisterViewModel.swift; sourceTree = "<group>"; };
		0E9DF4B0251F42EA00B00FBF /* ImagePicker.swift */ = {isa = PBXFileReference; lastKnownFileType = sourcecode.swift; path = ImagePicker.swift; sourceTree = "<group>"; };
		0E9DF4CC251F5F4C00B00FBF /* UploadImage.swift */ = {isa = PBXFileReference; lastKnownFileType = sourcecode.swift; path = UploadImage.swift; sourceTree = "<group>"; };
		0E9DF4D125208C9000B00FBF /* Home.swift */ = {isa = PBXFileReference; lastKnownFileType = sourcecode.swift; path = Home.swift; sourceTree = "<group>"; };
		0EDE048C2520D7B0007584AF /* PostView.swift */ = {isa = PBXFileReference; lastKnownFileType = sourcecode.swift; path = PostView.swift; sourceTree = "<group>"; };
		0EDE04912520D7D1007584AF /* SettingsView.swift */ = {isa = PBXFileReference; lastKnownFileType = sourcecode.swift; path = SettingsView.swift; sourceTree = "<group>"; };
		0EDE04962520D880007584AF /* CustomTabBar.swift */ = {isa = PBXFileReference; lastKnownFileType = sourcecode.swift; path = CustomTabBar.swift; sourceTree = "<group>"; };
		1AB387B140E3284B2F7EEE5B /* Pods_socialAppTests.framework */ = {isa = PBXFileReference; explicitFileType = wrapper.framework; includeInIndex = 0; path = Pods_socialAppTests.framework; sourceTree = BUILT_PRODUCTS_DIR; };
		3341A27BFA853472A1623CD8 /* Pods-socialApp-socialAppUITests.debug.xcconfig */ = {isa = PBXFileReference; includeInIndex = 1; lastKnownFileType = text.xcconfig; name = "Pods-socialApp-socialAppUITests.debug.xcconfig"; path = "Target Support Files/Pods-socialApp-socialAppUITests/Pods-socialApp-socialAppUITests.debug.xcconfig"; sourceTree = "<group>"; };
		5271AC2D5E79B5611A1C4C6F /* Pods-socialApp.debug.xcconfig */ = {isa = PBXFileReference; includeInIndex = 1; lastKnownFileType = text.xcconfig; name = "Pods-socialApp.debug.xcconfig"; path = "Target Support Files/Pods-socialApp/Pods-socialApp.debug.xcconfig"; sourceTree = "<group>"; };
		6F7C0EA23C6556207C85C0B3 /* Pods_socialApp.framework */ = {isa = PBXFileReference; explicitFileType = wrapper.framework; includeInIndex = 0; path = Pods_socialApp.framework; sourceTree = BUILT_PRODUCTS_DIR; };
		8141F5796FBD0A4ECF622E31 /* Pods-socialAppTests.debug.xcconfig */ = {isa = PBXFileReference; includeInIndex = 1; lastKnownFileType = text.xcconfig; name = "Pods-socialAppTests.debug.xcconfig"; path = "Target Support Files/Pods-socialAppTests/Pods-socialAppTests.debug.xcconfig"; sourceTree = "<group>"; };
		9D9C455438030FC875556950 /* Pods_socialApp_socialAppUITests.framework */ = {isa = PBXFileReference; explicitFileType = wrapper.framework; includeInIndex = 0; path = Pods_socialApp_socialAppUITests.framework; sourceTree = BUILT_PRODUCTS_DIR; };
		A4746534E8F2F7CBA0C86DCD /* Pods-socialApp-socialAppUITests.release.xcconfig */ = {isa = PBXFileReference; includeInIndex = 1; lastKnownFileType = text.xcconfig; name = "Pods-socialApp-socialAppUITests.release.xcconfig"; path = "Target Support Files/Pods-socialApp-socialAppUITests/Pods-socialApp-socialAppUITests.release.xcconfig"; sourceTree = "<group>"; };
		CD4DFF81A01A9B8154DE491E /* Pods-socialApp.release.xcconfig */ = {isa = PBXFileReference; includeInIndex = 1; lastKnownFileType = text.xcconfig; name = "Pods-socialApp.release.xcconfig"; path = "Target Support Files/Pods-socialApp/Pods-socialApp.release.xcconfig"; sourceTree = "<group>"; };
/* End PBXFileReference section */

/* Begin PBXFrameworksBuildPhase section */
		0E43B263251E2F350057366C /* Frameworks */ = {
			isa = PBXFrameworksBuildPhase;
			buildActionMask = 2147483647;
			files = (
				0EDE04882520D729007584AF /* SDWebImageSwiftUI in Frameworks */,
				528D46518EE028C22B44355D /* Pods_socialApp.framework in Frameworks */,
			);
			runOnlyForDeploymentPostprocessing = 0;
		};
		0E43B274251E2F360057366C /* Frameworks */ = {
			isa = PBXFrameworksBuildPhase;
			buildActionMask = 2147483647;
			files = (
				9643EB885675E65D3154F4AF /* Pods_socialAppTests.framework in Frameworks */,
			);
			runOnlyForDeploymentPostprocessing = 0;
		};
		0E43B27F251E2F360057366C /* Frameworks */ = {
			isa = PBXFrameworksBuildPhase;
			buildActionMask = 2147483647;
			files = (
				AD64F54CAD3F8CAD6A007AC3 /* Pods_socialApp_socialAppUITests.framework in Frameworks */,
			);
			runOnlyForDeploymentPostprocessing = 0;
		};
/* End PBXFrameworksBuildPhase section */

/* Begin PBXGroup section */
		0E43B25D251E2F350057366C = {
			isa = PBXGroup;
			children = (
				0E43B268251E2F350057366C /* socialApp */,
				0E43B27A251E2F360057366C /* socialAppTests */,
				0E43B285251E2F360057366C /* socialAppUITests */,
				0E43B267251E2F350057366C /* Products */,
				739596B9E555AF8BC5D27631 /* Pods */,
				47A0149B195861C3DC403203 /* Frameworks */,
			);
			sourceTree = "<group>";
		};
		0E43B267251E2F350057366C /* Products */ = {
			isa = PBXGroup;
			children = (
				0E43B266251E2F350057366C /* socialApp.app */,
				0E43B277251E2F360057366C /* socialAppTests.xctest */,
				0E43B282251E2F360057366C /* socialAppUITests.xctest */,
			);
			name = Products;
			sourceTree = "<group>";
		};
		0E43B268251E2F350057366C /* socialApp */ = {
			isa = PBXGroup;
			children = (
				0E9DF450251E3C0200B00FBF /* ViewModel */,
				0E9DF44F251E3BFB00B00FBF /* View */,
				0E9DF44E251E3BF400B00FBF /* Model */,
				0E43B29A251E398B0057366C /* GoogleService-Info.plist */,
				0E43B269251E2F350057366C /* socialAppApp.swift */,
				0E43B26B251E2F350057366C /* ContentView.swift */,
				0E43B26D251E2F350057366C /* Assets.xcassets */,
				0E43B272251E2F350057366C /* Info.plist */,
				0E43B26F251E2F350057366C /* Preview Content */,
			);
			path = socialApp;
			sourceTree = "<group>";
		};
		0E43B26F251E2F350057366C /* Preview Content */ = {
			isa = PBXGroup;
			children = (
				0E43B270251E2F350057366C /* Preview Assets.xcassets */,
			);
			path = "Preview Content";
			sourceTree = "<group>";
		};
		0E43B27A251E2F360057366C /* socialAppTests */ = {
			isa = PBXGroup;
			children = (
				0E43B27B251E2F360057366C /* socialAppTests.swift */,
				0E43B27D251E2F360057366C /* Info.plist */,
			);
			path = socialAppTests;
			sourceTree = "<group>";
		};
		0E43B285251E2F360057366C /* socialAppUITests */ = {
			isa = PBXGroup;
			children = (
				0E43B286251E2F360057366C /* socialAppUITests.swift */,
				0E43B288251E2F360057366C /* Info.plist */,
			);
			path = socialAppUITests;
			sourceTree = "<group>";
		};
		0E9DF44E251E3BF400B00FBF /* Model */ = {
			isa = PBXGroup;
			children = (
				0E9DF4CC251F5F4C00B00FBF /* UploadImage.swift */,
				0E6111D525230FC1003B1412 /* UserModel.swift */,
				0E6111DA252337D3003B1412 /* AlertView.swift */,
				0E196C632523931100A4BCBD /* PostModel.swift */,
				0E196C68252394D600A4BCBD /* FetchUser.swift */,
			);
			path = Model;
			sourceTree = "<group>";
		};
		0E9DF44F251E3BFB00B00FBF /* View */ = {
			isa = PBXGroup;
			children = (
				0E9DF451251E3C6200B00FBF /* Login.swift */,
				0E9DF48F251F3A0700B00FBF /* Register.swift */,
				0E9DF4B0251F42EA00B00FBF /* ImagePicker.swift */,
				0E9DF4D125208C9000B00FBF /* Home.swift */,
				0EDE048C2520D7B0007584AF /* PostView.swift */,
				0EDE04912520D7D1007584AF /* SettingsView.swift */,
				0EDE04962520D880007584AF /* CustomTabBar.swift */,
				0E196C6D252397C100A4BCBD /* PostRow.swift */,
			);
			path = View;
			sourceTree = "<group>";
		};
		0E9DF450251E3C0200B00FBF /* ViewModel */ = {
			isa = PBXGroup;
			children = (
				0E9DF459251E3E7F00B00FBF /* LoginViewModel.swift */,
				0E9DF4AB251F3F6C00B00FBF /* RegisterViewModel.swift */,
				0E6111D025230F5F003B1412 /* SettingsViewModel.swift */,
				0E196C5E252392BA00A4BCBD /* PostViewModel.swift */,
			);
			path = ViewModel;
			sourceTree = "<group>";
		};
		47A0149B195861C3DC403203 /* Frameworks */ = {
			isa = PBXGroup;
			children = (
				6F7C0EA23C6556207C85C0B3 /* Pods_socialApp.framework */,
				9D9C455438030FC875556950 /* Pods_socialApp_socialAppUITests.framework */,
				1AB387B140E3284B2F7EEE5B /* Pods_socialAppTests.framework */,
			);
			name = Frameworks;
			sourceTree = "<group>";
		};
		739596B9E555AF8BC5D27631 /* Pods */ = {
			isa = PBXGroup;
			children = (
				5271AC2D5E79B5611A1C4C6F /* Pods-socialApp.debug.xcconfig */,
				CD4DFF81A01A9B8154DE491E /* Pods-socialApp.release.xcconfig */,
				3341A27BFA853472A1623CD8 /* Pods-socialApp-socialAppUITests.debug.xcconfig */,
				A4746534E8F2F7CBA0C86DCD /* Pods-socialApp-socialAppUITests.release.xcconfig */,
				8141F5796FBD0A4ECF622E31 /* Pods-socialAppTests.debug.xcconfig */,
				0AF55B735426B06D766EFF78 /* Pods-socialAppTests.release.xcconfig */,
			);
			path = Pods;
			sourceTree = "<group>";
		};
/* End PBXGroup section */

/* Begin PBXNativeTarget section */
		0E43B265251E2F350057366C /* socialApp */ = {
			isa = PBXNativeTarget;
			buildConfigurationList = 0E43B28B251E2F360057366C /* Build configuration list for PBXNativeTarget "socialApp" */;
			buildPhases = (
				73D4AE0D515BF7482E7B9325 /* [CP] Check Pods Manifest.lock */,
				0E43B262251E2F350057366C /* Sources */,
				0E43B263251E2F350057366C /* Frameworks */,
				0E43B264251E2F350057366C /* Resources */,
				87BDCBDC47EF34CB71A35587 /* [CP] Embed Pods Frameworks */,
			);
			buildRules = (
			);
			dependencies = (
			);
			name = socialApp;
			packageProductDependencies = (
				0EDE04872520D729007584AF /* SDWebImageSwiftUI */,
			);
			productName = socialApp;
			productReference = 0E43B266251E2F350057366C /* socialApp.app */;
			productType = "com.apple.product-type.application";
		};
		0E43B276251E2F360057366C /* socialAppTests */ = {
			isa = PBXNativeTarget;
			buildConfigurationList = 0E43B28E251E2F360057366C /* Build configuration list for PBXNativeTarget "socialAppTests" */;
			buildPhases = (
				AF80F41DF0CBC996DB72CBB8 /* [CP] Check Pods Manifest.lock */,
				0E43B273251E2F360057366C /* Sources */,
				0E43B274251E2F360057366C /* Frameworks */,
				0E43B275251E2F360057366C /* Resources */,
			);
			buildRules = (
			);
			dependencies = (
				0E43B279251E2F360057366C /* PBXTargetDependency */,
			);
			name = socialAppTests;
			productName = socialAppTests;
			productReference = 0E43B277251E2F360057366C /* socialAppTests.xctest */;
			productType = "com.apple.product-type.bundle.unit-test";
		};
		0E43B281251E2F360057366C /* socialAppUITests */ = {
			isa = PBXNativeTarget;
			buildConfigurationList = 0E43B291251E2F360057366C /* Build configuration list for PBXNativeTarget "socialAppUITests" */;
			buildPhases = (
				82E2B52A0CB8A1301E358B5D /* [CP] Check Pods Manifest.lock */,
				0E43B27E251E2F360057366C /* Sources */,
				0E43B27F251E2F360057366C /* Frameworks */,
				0E43B280251E2F360057366C /* Resources */,
				F84FB47069B5A622CB3C873D /* [CP] Embed Pods Frameworks */,
			);
			buildRules = (
			);
			dependencies = (
				0E43B284251E2F360057366C /* PBXTargetDependency */,
			);
			name = socialAppUITests;
			productName = socialAppUITests;
			productReference = 0E43B282251E2F360057366C /* socialAppUITests.xctest */;
			productType = "com.apple.product-type.bundle.ui-testing";
		};
/* End PBXNativeTarget section */

/* Begin PBXProject section */
		0E43B25E251E2F350057366C /* Project object */ = {
			isa = PBXProject;
			attributes = {
				LastSwiftUpdateCheck = 1200;
				LastUpgradeCheck = 1200;
				TargetAttributes = {
					0E43B265251E2F350057366C = {
						CreatedOnToolsVersion = 12.0;
					};
					0E43B276251E2F360057366C = {
						CreatedOnToolsVersion = 12.0;
						TestTargetID = 0E43B265251E2F350057366C;
					};
					0E43B281251E2F360057366C = {
						CreatedOnToolsVersion = 12.0;
						TestTargetID = 0E43B265251E2F350057366C;
					};
				};
			};
			buildConfigurationList = 0E43B261251E2F350057366C /* Build configuration list for PBXProject "socialApp" */;
			compatibilityVersion = "Xcode 9.3";
			developmentRegion = en;
			hasScannedForEncodings = 0;
			knownRegions = (
				en,
				Base,
			);
			mainGroup = 0E43B25D251E2F350057366C;
			packageReferences = (
				0EDE04862520D729007584AF /* XCRemoteSwiftPackageReference "SDWebImageSwiftUI" */,
			);
			productRefGroup = 0E43B267251E2F350057366C /* Products */;
			projectDirPath = "";
			projectRoot = "";
			targets = (
				0E43B265251E2F350057366C /* socialApp */,
				0E43B276251E2F360057366C /* socialAppTests */,
				0E43B281251E2F360057366C /* socialAppUITests */,
			);
		};
/* End PBXProject section */

/* Begin PBXResourcesBuildPhase section */
		0E43B264251E2F350057366C /* Resources */ = {
			isa = PBXResourcesBuildPhase;
			buildActionMask = 2147483647;
			files = (
				0E43B271251E2F350057366C /* Preview Assets.xcassets in Resources */,
				0E43B26E251E2F350057366C /* Assets.xcassets in Resources */,
				0E43B29B251E398B0057366C /* GoogleService-Info.plist in Resources */,
			);
			runOnlyForDeploymentPostprocessing = 0;
		};
		0E43B275251E2F360057366C /* Resources */ = {
			isa = PBXResourcesBuildPhase;
			buildActionMask = 2147483647;
			files = (
			);
			runOnlyForDeploymentPostprocessing = 0;
		};
		0E43B280251E2F360057366C /* Resources */ = {
			isa = PBXResourcesBuildPhase;
			buildActionMask = 2147483647;
			files = (
			);
			runOnlyForDeploymentPostprocessing = 0;
		};
/* End PBXResourcesBuildPhase section */

/* Begin PBXShellScriptBuildPhase section */
		73D4AE0D515BF7482E7B9325 /* [CP] Check Pods Manifest.lock */ = {
			isa = PBXShellScriptBuildPhase;
			buildActionMask = 2147483647;
			files = (
			);
			inputFileListPaths = (
			);
			inputPaths = (
				"${PODS_PODFILE_DIR_PATH}/Podfile.lock",
				"${PODS_ROOT}/Manifest.lock",
			);
			name = "[CP] Check Pods Manifest.lock";
			outputFileListPaths = (
			);
			outputPaths = (
				"$(DERIVED_FILE_DIR)/Pods-socialApp-checkManifestLockResult.txt",
			);
			runOnlyForDeploymentPostprocessing = 0;
			shellPath = /bin/sh;
			shellScript = "diff \"${PODS_PODFILE_DIR_PATH}/Podfile.lock\" \"${PODS_ROOT}/Manifest.lock\" > /dev/null\nif [ $? != 0 ] ; then\n    # print error to STDERR\n    echo \"error: The sandbox is not in sync with the Podfile.lock. Run 'pod install' or update your CocoaPods installation.\" >&2\n    exit 1\nfi\n# This output is used by Xcode 'outputs' to avoid re-running this script phase.\necho \"SUCCESS\" > \"${SCRIPT_OUTPUT_FILE_0}\"\n";
			showEnvVarsInLog = 0;
		};
		82E2B52A0CB8A1301E358B5D /* [CP] Check Pods Manifest.lock */ = {
			isa = PBXShellScriptBuildPhase;
			buildActionMask = 2147483647;
			files = (
			);
			inputFileListPaths = (
			);
			inputPaths = (
				"${PODS_PODFILE_DIR_PATH}/Podfile.lock",
				"${PODS_ROOT}/Manifest.lock",
			);
			name = "[CP] Check Pods Manifest.lock";
			outputFileListPaths = (
			);
			outputPaths = (
				"$(DERIVED_FILE_DIR)/Pods-socialApp-socialAppUITests-checkManifestLockResult.txt",
			);
			runOnlyForDeploymentPostprocessing = 0;
			shellPath = /bin/sh;
			shellScript = "diff \"${PODS_PODFILE_DIR_PATH}/Podfile.lock\" \"${PODS_ROOT}/Manifest.lock\" > /dev/null\nif [ $? != 0 ] ; then\n    # print error to STDERR\n    echo \"error: The sandbox is not in sync with the Podfile.lock. Run 'pod install' or update your CocoaPods installation.\" >&2\n    exit 1\nfi\n# This output is used by Xcode 'outputs' to avoid re-running this script phase.\necho \"SUCCESS\" > \"${SCRIPT_OUTPUT_FILE_0}\"\n";
			showEnvVarsInLog = 0;
		};
		87BDCBDC47EF34CB71A35587 /* [CP] Embed Pods Frameworks */ = {
			isa = PBXShellScriptBuildPhase;
			buildActionMask = 2147483647;
			files = (
			);
			inputFileListPaths = (
				"${PODS_ROOT}/Target Support Files/Pods-socialApp/Pods-socialApp-frameworks-${CONFIGURATION}-input-files.xcfilelist",
			);
			name = "[CP] Embed Pods Frameworks";
			outputFileListPaths = (
				"${PODS_ROOT}/Target Support Files/Pods-socialApp/Pods-socialApp-frameworks-${CONFIGURATION}-output-files.xcfilelist",
			);
			runOnlyForDeploymentPostprocessing = 0;
			shellPath = /bin/sh;
			shellScript = "\"${PODS_ROOT}/Target Support Files/Pods-socialApp/Pods-socialApp-frameworks.sh\"\n";
			showEnvVarsInLog = 0;
		};
		AF80F41DF0CBC996DB72CBB8 /* [CP] Check Pods Manifest.lock */ = {
			isa = PBXShellScriptBuildPhase;
			buildActionMask = 2147483647;
			files = (
			);
			inputFileListPaths = (
			);
			inputPaths = (
				"${PODS_PODFILE_DIR_PATH}/Podfile.lock",
				"${PODS_ROOT}/Manifest.lock",
			);
			name = "[CP] Check Pods Manifest.lock";
			outputFileListPaths = (
			);
			outputPaths = (
				"$(DERIVED_FILE_DIR)/Pods-socialAppTests-checkManifestLockResult.txt",
			);
			runOnlyForDeploymentPostprocessing = 0;
			shellPath = /bin/sh;
			shellScript = "diff \"${PODS_PODFILE_DIR_PATH}/Podfile.lock\" \"${PODS_ROOT}/Manifest.lock\" > /dev/null\nif [ $? != 0 ] ; then\n    # print error to STDERR\n    echo \"error: The sandbox is not in sync with the Podfile.lock. Run 'pod install' or update your CocoaPods installation.\" >&2\n    exit 1\nfi\n# This output is used by Xcode 'outputs' to avoid re-running this script phase.\necho \"SUCCESS\" > \"${SCRIPT_OUTPUT_FILE_0}\"\n";
			showEnvVarsInLog = 0;
		};
		F84FB47069B5A622CB3C873D /* [CP] Embed Pods Frameworks */ = {
			isa = PBXShellScriptBuildPhase;
			buildActionMask = 2147483647;
			files = (
			);
			inputFileListPaths = (
				"${PODS_ROOT}/Target Support Files/Pods-socialApp-socialAppUITests/Pods-socialApp-socialAppUITests-frameworks-${CONFIGURATION}-input-files.xcfilelist",
			);
			name = "[CP] Embed Pods Frameworks";
			outputFileListPaths = (
				"${PODS_ROOT}/Target Support Files/Pods-socialApp-socialAppUITests/Pods-socialApp-socialAppUITests-frameworks-${CONFIGURATION}-output-files.xcfilelist",
			);
			runOnlyForDeploymentPostprocessing = 0;
			shellPath = /bin/sh;
			shellScript = "\"${PODS_ROOT}/Target Support Files/Pods-socialApp-socialAppUITests/Pods-socialApp-socialAppUITests-frameworks.sh\"\n";
			showEnvVarsInLog = 0;
		};
/* End PBXShellScriptBuildPhase section */

/* Begin PBXSourcesBuildPhase section */
		0E43B262251E2F350057366C /* Sources */ = {
			isa = PBXSourcesBuildPhase;
			buildActionMask = 2147483647;
			files = (
				0E196C5F252392BA00A4BCBD /* PostViewModel.swift in Sources */,
				0E9DF45A251E3E7F00B00FBF /* LoginViewModel.swift in Sources */,
				0E9DF4AC251F3F6D00B00FBF /* RegisterViewModel.swift in Sources */,
				0E9DF452251E3C6200B00FBF /* Login.swift in Sources */,
				0E196C642523931100A4BCBD /* PostModel.swift in Sources */,
				0E9DF4B1251F42EA00B00FBF /* ImagePicker.swift in Sources */,
				0E9DF4D225208C9000B00FBF /* Home.swift in Sources */,
				0E6111DB252337D3003B1412 /* AlertView.swift in Sources */,
				0E9DF4CD251F5F4C00B00FBF /* UploadImage.swift in Sources */,
				0E43B26C251E2F350057366C /* ContentView.swift in Sources */,
				0E43B26A251E2F350057366C /* socialAppApp.swift in Sources */,
				0E6111D625230FC1003B1412 /* UserModel.swift in Sources */,
				0E6111D125230F5F003B1412 /* SettingsViewModel.swift in Sources */,
				0EDE048D2520D7B0007584AF /* PostView.swift in Sources */,
				0E9DF490251F3A0700B00FBF /* Register.swift in Sources */,
				0E196C6E252397C100A4BCBD /* PostRow.swift in Sources */,
				0EDE04972520D880007584AF /* CustomTabBar.swift in Sources */,
				0EDE04922520D7D1007584AF /* SettingsView.swift in Sources */,
				0E196C69252394D600A4BCBD /* FetchUser.swift in Sources */,
			);
			runOnlyForDeploymentPostprocessing = 0;
		};
		0E43B273251E2F360057366C /* Sources */ = {
			isa = PBXSourcesBuildPhase;
			buildActionMask = 2147483647;
			files = (
				0E43B27C251E2F360057366C /* socialAppTests.swift in Sources */,
			);
			runOnlyForDeploymentPostprocessing = 0;
		};
		0E43B27E251E2F360057366C /* Sources */ = {
			isa = PBXSourcesBuildPhase;
			buildActionMask = 2147483647;
			files = (
				0E43B287251E2F360057366C /* socialAppUITests.swift in Sources */,
			);
			runOnlyForDeploymentPostprocessing = 0;
		};
/* End PBXSourcesBuildPhase section */

/* Begin PBXTargetDependency section */
		0E43B279251E2F360057366C /* PBXTargetDependency */ = {
			isa = PBXTargetDependency;
			target = 0E43B265251E2F350057366C /* socialApp */;
			targetProxy = 0E43B278251E2F360057366C /* PBXContainerItemProxy */;
		};
		0E43B284251E2F360057366C /* PBXTargetDependency */ = {
			isa = PBXTargetDependency;
			target = 0E43B265251E2F350057366C /* socialApp */;
			targetProxy = 0E43B283251E2F360057366C /* PBXContainerItemProxy */;
		};
/* End PBXTargetDependency section */

/* Begin XCBuildConfiguration section */
		0E43B289251E2F360057366C /* Debug */ = {
			isa = XCBuildConfiguration;
			buildSettings = {
				ALWAYS_SEARCH_USER_PATHS = NO;
				CLANG_ANALYZER_NONNULL = YES;
				CLANG_ANALYZER_NUMBER_OBJECT_CONVERSION = YES_AGGRESSIVE;
				CLANG_CXX_LANGUAGE_STANDARD = "gnu++14";
				CLANG_CXX_LIBRARY = "libc++";
				CLANG_ENABLE_MODULES = YES;
				CLANG_ENABLE_OBJC_ARC = YES;
				CLANG_ENABLE_OBJC_WEAK = YES;
				CLANG_WARN_BLOCK_CAPTURE_AUTORELEASING = YES;
				CLANG_WARN_BOOL_CONVERSION = YES;
				CLANG_WARN_COMMA = YES;
				CLANG_WARN_CONSTANT_CONVERSION = YES;
				CLANG_WARN_DEPRECATED_OBJC_IMPLEMENTATIONS = YES;
				CLANG_WARN_DIRECT_OBJC_ISA_USAGE = YES_ERROR;
				CLANG_WARN_DOCUMENTATION_COMMENTS = YES;
				CLANG_WARN_EMPTY_BODY = YES;
				CLANG_WARN_ENUM_CONVERSION = YES;
				CLANG_WARN_INFINITE_RECURSION = YES;
				CLANG_WARN_INT_CONVERSION = YES;
				CLANG_WARN_NON_LITERAL_NULL_CONVERSION = YES;
				CLANG_WARN_OBJC_IMPLICIT_RETAIN_SELF = YES;
				CLANG_WARN_OBJC_LITERAL_CONVERSION = YES;
				CLANG_WARN_OBJC_ROOT_CLASS = YES_ERROR;
				CLANG_WARN_QUOTED_INCLUDE_IN_FRAMEWORK_HEADER = YES;
				CLANG_WARN_RANGE_LOOP_ANALYSIS = YES;
				CLANG_WARN_STRICT_PROTOTYPES = YES;
				CLANG_WARN_SUSPICIOUS_MOVE = YES;
				CLANG_WARN_UNGUARDED_AVAILABILITY = YES_AGGRESSIVE;
				CLANG_WARN_UNREACHABLE_CODE = YES;
				CLANG_WARN__DUPLICATE_METHOD_MATCH = YES;
				COPY_PHASE_STRIP = NO;
				DEBUG_INFORMATION_FORMAT = dwarf;
				ENABLE_STRICT_OBJC_MSGSEND = YES;
				ENABLE_TESTABILITY = YES;
				GCC_C_LANGUAGE_STANDARD = gnu11;
				GCC_DYNAMIC_NO_PIC = NO;
				GCC_NO_COMMON_BLOCKS = YES;
				GCC_OPTIMIZATION_LEVEL = 0;
				GCC_PREPROCESSOR_DEFINITIONS = (
					"DEBUG=1",
					"$(inherited)",
				);
				GCC_WARN_64_TO_32_BIT_CONVERSION = YES;
				GCC_WARN_ABOUT_RETURN_TYPE = YES_ERROR;
				GCC_WARN_UNDECLARED_SELECTOR = YES;
				GCC_WARN_UNINITIALIZED_AUTOS = YES_AGGRESSIVE;
				GCC_WARN_UNUSED_FUNCTION = YES;
				GCC_WARN_UNUSED_VARIABLE = YES;
				IPHONEOS_DEPLOYMENT_TARGET = 14.0;
				MTL_ENABLE_DEBUG_INFO = INCLUDE_SOURCE;
				MTL_FAST_MATH = YES;
				ONLY_ACTIVE_ARCH = YES;
				SDKROOT = iphoneos;
				SWIFT_ACTIVE_COMPILATION_CONDITIONS = DEBUG;
				SWIFT_OPTIMIZATION_LEVEL = "-Onone";
			};
			name = Debug;
		};
		0E43B28A251E2F360057366C /* Release */ = {
			isa = XCBuildConfiguration;
			buildSettings = {
				ALWAYS_SEARCH_USER_PATHS = NO;
				CLANG_ANALYZER_NONNULL = YES;
				CLANG_ANALYZER_NUMBER_OBJECT_CONVERSION = YES_AGGRESSIVE;
				CLANG_CXX_LANGUAGE_STANDARD = "gnu++14";
				CLANG_CXX_LIBRARY = "libc++";
				CLANG_ENABLE_MODULES = YES;
				CLANG_ENABLE_OBJC_ARC = YES;
				CLANG_ENABLE_OBJC_WEAK = YES;
				CLANG_WARN_BLOCK_CAPTURE_AUTORELEASING = YES;
				CLANG_WARN_BOOL_CONVERSION = YES;
				CLANG_WARN_COMMA = YES;
				CLANG_WARN_CONSTANT_CONVERSION = YES;
				CLANG_WARN_DEPRECATED_OBJC_IMPLEMENTATIONS = YES;
				CLANG_WARN_DIRECT_OBJC_ISA_USAGE = YES_ERROR;
				CLANG_WARN_DOCUMENTATION_COMMENTS = YES;
				CLANG_WARN_EMPTY_BODY = YES;
				CLANG_WARN_ENUM_CONVERSION = YES;
				CLANG_WARN_INFINITE_RECURSION = YES;
				CLANG_WARN_INT_CONVERSION = YES;
				CLANG_WARN_NON_LITERAL_NULL_CONVERSION = YES;
				CLANG_WARN_OBJC_IMPLICIT_RETAIN_SELF = YES;
				CLANG_WARN_OBJC_LITERAL_CONVERSION = YES;
				CLANG_WARN_OBJC_ROOT_CLASS = YES_ERROR;
				CLANG_WARN_QUOTED_INCLUDE_IN_FRAMEWORK_HEADER = YES;
				CLANG_WARN_RANGE_LOOP_ANALYSIS = YES;
				CLANG_WARN_STRICT_PROTOTYPES = YES;
				CLANG_WARN_SUSPICIOUS_MOVE = YES;
				CLANG_WARN_UNGUARDED_AVAILABILITY = YES_AGGRESSIVE;
				CLANG_WARN_UNREACHABLE_CODE = YES;
				CLANG_WARN__DUPLICATE_METHOD_MATCH = YES;
				COPY_PHASE_STRIP = NO;
				DEBUG_INFORMATION_FORMAT = "dwarf-with-dsym";
				ENABLE_NS_ASSERTIONS = NO;
				ENABLE_STRICT_OBJC_MSGSEND = YES;
				GCC_C_LANGUAGE_STANDARD = gnu11;
				GCC_NO_COMMON_BLOCKS = YES;
				GCC_WARN_64_TO_32_BIT_CONVERSION = YES;
				GCC_WARN_ABOUT_RETURN_TYPE = YES_ERROR;
				GCC_WARN_UNDECLARED_SELECTOR = YES;
				GCC_WARN_UNINITIALIZED_AUTOS = YES_AGGRESSIVE;
				GCC_WARN_UNUSED_FUNCTION = YES;
				GCC_WARN_UNUSED_VARIABLE = YES;
				IPHONEOS_DEPLOYMENT_TARGET = 14.0;
				MTL_ENABLE_DEBUG_INFO = NO;
				MTL_FAST_MATH = YES;
				SDKROOT = iphoneos;
				SWIFT_COMPILATION_MODE = wholemodule;
				SWIFT_OPTIMIZATION_LEVEL = "-O";
				VALIDATE_PRODUCT = YES;
			};
			name = Release;
		};
		0E43B28C251E2F360057366C /* Debug */ = {
			isa = XCBuildConfiguration;
			baseConfigurationReference = 5271AC2D5E79B5611A1C4C6F /* Pods-socialApp.debug.xcconfig */;
			buildSettings = {
				ASSETCATALOG_COMPILER_APPICON_NAME = AppIcon;
				ASSETCATALOG_COMPILER_GLOBAL_ACCENT_COLOR_NAME = AccentColor;
				CODE_SIGN_STYLE = Automatic;
				DEVELOPMENT_ASSET_PATHS = "\"socialApp/Preview Content\"";
				ENABLE_PREVIEWS = YES;
				INFOPLIST_FILE = socialApp/Info.plist;
				IPHONEOS_DEPLOYMENT_TARGET = 14.0;
				LD_RUNPATH_SEARCH_PATHS = (
					"$(inherited)",
					"@executable_path/Frameworks",
				);
				PRODUCT_BUNDLE_IDENTIFIER = com.gmataDeveloper.socialApp;
				PRODUCT_NAME = "$(TARGET_NAME)";
				SWIFT_VERSION = 5.0;
				TARGETED_DEVICE_FAMILY = "1,2";
			};
			name = Debug;
		};
		0E43B28D251E2F360057366C /* Release */ = {
			isa = XCBuildConfiguration;
			baseConfigurationReference = CD4DFF81A01A9B8154DE491E /* Pods-socialApp.release.xcconfig */;
			buildSettings = {
				ASSETCATALOG_COMPILER_APPICON_NAME = AppIcon;
				ASSETCATALOG_COMPILER_GLOBAL_ACCENT_COLOR_NAME = AccentColor;
				CODE_SIGN_STYLE = Automatic;
				DEVELOPMENT_ASSET_PATHS = "\"socialApp/Preview Content\"";
				ENABLE_PREVIEWS = YES;
				INFOPLIST_FILE = socialApp/Info.plist;
				IPHONEOS_DEPLOYMENT_TARGET = 14.0;
				LD_RUNPATH_SEARCH_PATHS = (
					"$(inherited)",
					"@executable_path/Frameworks",
				);
				PRODUCT_BUNDLE_IDENTIFIER = com.gmataDeveloper.socialApp;
				PRODUCT_NAME = "$(TARGET_NAME)";
				SWIFT_VERSION = 5.0;
				TARGETED_DEVICE_FAMILY = "1,2";
			};
			name = Release;
		};
		0E43B28F251E2F360057366C /* Debug */ = {
			isa = XCBuildConfiguration;
			baseConfigurationReference = 8141F5796FBD0A4ECF622E31 /* Pods-socialAppTests.debug.xcconfig */;
			buildSettings = {
				ALWAYS_EMBED_SWIFT_STANDARD_LIBRARIES = YES;
				BUNDLE_LOADER = "$(TEST_HOST)";
				CODE_SIGN_STYLE = Automatic;
				INFOPLIST_FILE = socialAppTests/Info.plist;
				IPHONEOS_DEPLOYMENT_TARGET = 14.0;
				LD_RUNPATH_SEARCH_PATHS = (
					"$(inherited)",
					"@executable_path/Frameworks",
					"@loader_path/Frameworks",
				);
				PRODUCT_BUNDLE_IDENTIFIER = com.gmataDeveloper.socialAppTests;
				PRODUCT_NAME = "$(TARGET_NAME)";
				SWIFT_VERSION = 5.0;
				TARGETED_DEVICE_FAMILY = "1,2";
				TEST_HOST = "$(BUILT_PRODUCTS_DIR)/socialApp.app/socialApp";
			};
			name = Debug;
		};
		0E43B290251E2F360057366C /* Release */ = {
			isa = XCBuildConfiguration;
			baseConfigurationReference = 0AF55B735426B06D766EFF78 /* Pods-socialAppTests.release.xcconfig */;
			buildSettings = {
				ALWAYS_EMBED_SWIFT_STANDARD_LIBRARIES = YES;
				BUNDLE_LOADER = "$(TEST_HOST)";
				CODE_SIGN_STYLE = Automatic;
				INFOPLIST_FILE = socialAppTests/Info.plist;
				IPHONEOS_DEPLOYMENT_TARGET = 14.0;
				LD_RUNPATH_SEARCH_PATHS = (
					"$(inherited)",
					"@executable_path/Frameworks",
					"@loader_path/Frameworks",
				);
				PRODUCT_BUNDLE_IDENTIFIER = com.gmataDeveloper.socialAppTests;
				PRODUCT_NAME = "$(TARGET_NAME)";
				SWIFT_VERSION = 5.0;
				TARGETED_DEVICE_FAMILY = "1,2";
				TEST_HOST = "$(BUILT_PRODUCTS_DIR)/socialApp.app/socialApp";
			};
			name = Release;
		};
		0E43B292251E2F360057366C /* Debug */ = {
			isa = XCBuildConfiguration;
			baseConfigurationReference = 3341A27BFA853472A1623CD8 /* Pods-socialApp-socialAppUITests.debug.xcconfig */;
			buildSettings = {
				ALWAYS_EMBED_SWIFT_STANDARD_LIBRARIES = YES;
				CODE_SIGN_STYLE = Automatic;
				INFOPLIST_FILE = socialAppUITests/Info.plist;
				LD_RUNPATH_SEARCH_PATHS = (
					"$(inherited)",
					"@executable_path/Frameworks",
					"@loader_path/Frameworks",
				);
				PRODUCT_BUNDLE_IDENTIFIER = com.gmataDeveloper.socialAppUITests;
				PRODUCT_NAME = "$(TARGET_NAME)";
				SWIFT_VERSION = 5.0;
				TARGETED_DEVICE_FAMILY = "1,2";
				TEST_TARGET_NAME = socialApp;
			};
			name = Debug;
		};
		0E43B293251E2F360057366C /* Release */ = {
			isa = XCBuildConfiguration;
			baseConfigurationReference = A4746534E8F2F7CBA0C86DCD /* Pods-socialApp-socialAppUITests.release.xcconfig */;
			buildSettings = {
				ALWAYS_EMBED_SWIFT_STANDARD_LIBRARIES = YES;
				CODE_SIGN_STYLE = Automatic;
				INFOPLIST_FILE = socialAppUITests/Info.plist;
				LD_RUNPATH_SEARCH_PATHS = (
					"$(inherited)",
					"@executable_path/Frameworks",
					"@loader_path/Frameworks",
				);
				PRODUCT_BUNDLE_IDENTIFIER = com.gmataDeveloper.socialAppUITests;
				PRODUCT_NAME = "$(TARGET_NAME)";
				SWIFT_VERSION = 5.0;
				TARGETED_DEVICE_FAMILY = "1,2";
				TEST_TARGET_NAME = socialApp;
			};
			name = Release;
		};
/* End XCBuildConfiguration section */

/* Begin XCConfigurationList section */
		0E43B261251E2F350057366C /* Build configuration list for PBXProject "socialApp" */ = {
			isa = XCConfigurationList;
			buildConfigurations = (
				0E43B289251E2F360057366C /* Debug */,
				0E43B28A251E2F360057366C /* Release */,
			);
			defaultConfigurationIsVisible = 0;
			defaultConfigurationName = Release;
		};
		0E43B28B251E2F360057366C /* Build configuration list for PBXNativeTarget "socialApp" */ = {
			isa = XCConfigurationList;
			buildConfigurations = (
				0E43B28C251E2F360057366C /* Debug */,
				0E43B28D251E2F360057366C /* Release */,
			);
			defaultConfigurationIsVisible = 0;
			defaultConfigurationName = Release;
		};
		0E43B28E251E2F360057366C /* Build configuration list for PBXNativeTarget "socialAppTests" */ = {
			isa = XCConfigurationList;
			buildConfigurations = (
				0E43B28F251E2F360057366C /* Debug */,
				0E43B290251E2F360057366C /* Release */,
			);
			defaultConfigurationIsVisible = 0;
			defaultConfigurationName = Release;
		};
		0E43B291251E2F360057366C /* Build configuration list for PBXNativeTarget "socialAppUITests" */ = {
			isa = XCConfigurationList;
			buildConfigurations = (
				0E43B292251E2F360057366C /* Debug */,
				0E43B293251E2F360057366C /* Release */,
			);
			defaultConfigurationIsVisible = 0;
			defaultConfigurationName = Release;
		};
/* End XCConfigurationList section */

/* Begin XCRemoteSwiftPackageReference section */
		0EDE04862520D729007584AF /* XCRemoteSwiftPackageReference "SDWebImageSwiftUI" */ = {
			isa = XCRemoteSwiftPackageReference;
			repositoryURL = "https://github.com/SDWebImage/SDWebImageSwiftUI.git";
			requirement = {
				kind = upToNextMajorVersion;
				minimumVersion = 1.5.0;
			};
		};
/* End XCRemoteSwiftPackageReference section */

/* Begin XCSwiftPackageProductDependency section */
		0EDE04872520D729007584AF /* SDWebImageSwiftUI */ = {
			isa = XCSwiftPackageProductDependency;
			package = 0EDE04862520D729007584AF /* XCRemoteSwiftPackageReference "SDWebImageSwiftUI" */;
			productName = SDWebImageSwiftUI;
		};
/* End XCSwiftPackageProductDependency section */
	};
	rootObject = 0E43B25E251E2F350057366C /* Project object */;
}
